// !$*UTF8*$!
{
	archiveVersion = 1;
	classes = {
	};
	objectVersion = 46;
	objects = {

/* Begin PBXBuildFile section */
		778AC1EB0D928B72EC1E187E /* libPods.a in Frameworks */ = {isa = PBXBuildFile; fileRef = 5E405EC0E646F0C95638BDD0 /* libPods.a */; };
		FEB556A31C3DFAE800FCFA43 /* main.m in Sources */ = {isa = PBXBuildFile; fileRef = FEB556A21C3DFAE800FCFA43 /* main.m */; };
		FEB556A61C3DFAE800FCFA43 /* AppDelegate.m in Sources */ = {isa = PBXBuildFile; fileRef = FEB556A51C3DFAE800FCFA43 /* AppDelegate.m */; };
		FEB556AE1C3DFAE800FCFA43 /* Assets.xcassets in Resources */ = {isa = PBXBuildFile; fileRef = FEB556AD1C3DFAE800FCFA43 /* Assets.xcassets */; };
		FEB556BC1C3DFAE800FCFA43 /* CXYAudioPlayerTests.m in Sources */ = {isa = PBXBuildFile; fileRef = FEB556BB1C3DFAE800FCFA43 /* CXYAudioPlayerTests.m */; };
		FEB556C71C3DFAE800FCFA43 /* CXYAudioPlayerUITests.m in Sources */ = {isa = PBXBuildFile; fileRef = FEB556C61C3DFAE800FCFA43 /* CXYAudioPlayerUITests.m */; };
/* End PBXBuildFile section */

/* Begin PBXContainerItemProxy section */
		FEB556B81C3DFAE800FCFA43 /* PBXContainerItemProxy */ = {
			isa = PBXContainerItemProxy;
			containerPortal = FEB556961C3DFAE800FCFA43 /* Project object */;
			proxyType = 1;
			remoteGlobalIDString = FEB5569D1C3DFAE800FCFA43;
			remoteInfo = CXYAudioPlayer;
		};
		FEB556C31C3DFAE800FCFA43 /* PBXContainerItemProxy */ = {
			isa = PBXContainerItemProxy;
			containerPortal = FEB556961C3DFAE800FCFA43 /* Project object */;
			proxyType = 1;
			remoteGlobalIDString = FEB5569D1C3DFAE800FCFA43;
			remoteInfo = CXYAudioPlayer;
		};
/* End PBXContainerItemProxy section */

/* Begin PBXFileReference section */
		2C91D11BEE4867F0A5F9B4A1 /* Pods.release.xcconfig */ = {isa = PBXFileReference; includeInIndex = 1; lastKnownFileType = text.xcconfig; name = Pods.release.xcconfig; path = "Pods/Target Support Files/Pods/Pods.release.xcconfig"; sourceTree = "<group>"; };
		5E405EC0E646F0C95638BDD0 /* libPods.a */ = {isa = PBXFileReference; explicitFileType = archive.ar; includeInIndex = 0; path = libPods.a; sourceTree = BUILT_PRODUCTS_DIR; };
		93B68390B596E890BA5D36EE /* Pods.debug.xcconfig */ = {isa = PBXFileReference; includeInIndex = 1; lastKnownFileType = text.xcconfig; name = Pods.debug.xcconfig; path = "Pods/Target Support Files/Pods/Pods.debug.xcconfig"; sourceTree = "<group>"; };
		FEB5569E1C3DFAE800FCFA43 /* CXYAudioPlayer.app */ = {isa = PBXFileReference; explicitFileType = wrapper.application; includeInIndex = 0; path = CXYAudioPlayer.app; sourceTree = BUILT_PRODUCTS_DIR; };
		FEB556A21C3DFAE800FCFA43 /* main.m */ = {isa = PBXFileReference; lastKnownFileType = sourcecode.c.objc; path = main.m; sourceTree = "<group>"; };
		FEB556A41C3DFAE800FCFA43 /* AppDelegate.h */ = {isa = PBXFileReference; lastKnownFileType = sourcecode.c.h; path = AppDelegate.h; sourceTree = "<group>"; };
		FEB556A51C3DFAE800FCFA43 /* AppDelegate.m */ = {isa = PBXFileReference; lastKnownFileType = sourcecode.c.objc; path = AppDelegate.m; sourceTree = "<group>"; };
		FEB556AD1C3DFAE800FCFA43 /* Assets.xcassets */ = {isa = PBXFileReference; lastKnownFileType = folder.assetcatalog; path = Assets.xcassets; sourceTree = "<group>"; };
		FEB556B21C3DFAE800FCFA43 /* Info.plist */ = {isa = PBXFileReference; lastKnownFileType = text.plist.xml; path = Info.plist; sourceTree = "<group>"; };
		FEB556B71C3DFAE800FCFA43 /* CXYAudioPlayerTests.xctest */ = {isa = PBXFileReference; explicitFileType = wrapper.cfbundle; includeInIndex = 0; path = CXYAudioPlayerTests.xctest; sourceTree = BUILT_PRODUCTS_DIR; };
		FEB556BB1C3DFAE800FCFA43 /* CXYAudioPlayerTests.m */ = {isa = PBXFileReference; lastKnownFileType = sourcecode.c.objc; path = CXYAudioPlayerTests.m; sourceTree = "<group>"; };
		FEB556BD1C3DFAE800FCFA43 /* Info.plist */ = {isa = PBXFileReference; lastKnownFileType = text.plist.xml; path = Info.plist; sourceTree = "<group>"; };
		FEB556C21C3DFAE800FCFA43 /* CXYAudioPlayerUITests.xctest */ = {isa = PBXFileReference; explicitFileType = wrapper.cfbundle; includeInIndex = 0; path = CXYAudioPlayerUITests.xctest; sourceTree = BUILT_PRODUCTS_DIR; };
		FEB556C61C3DFAE800FCFA43 /* CXYAudioPlayerUITests.m */ = {isa = PBXFileReference; lastKnownFileType = sourcecode.c.objc; path = CXYAudioPlayerUITests.m; sourceTree = "<group>"; };
		FEB556C81C3DFAE800FCFA43 /* Info.plist */ = {isa = PBXFileReference; lastKnownFileType = text.plist.xml; path = Info.plist; sourceTree = "<group>"; };
/* End PBXFileReference section */

/* Begin PBXFrameworksBuildPhase section */
		FEB5569B1C3DFAE800FCFA43 /* Frameworks */ = {
			isa = PBXFrameworksBuildPhase;
			buildActionMask = 2147483647;
			files = (
				778AC1EB0D928B72EC1E187E /* libPods.a in Frameworks */,
			);
			runOnlyForDeploymentPostprocessing = 0;
		};
		FEB556B41C3DFAE800FCFA43 /* Frameworks */ = {
			isa = PBXFrameworksBuildPhase;
			buildActionMask = 2147483647;
			files = (
			);
			runOnlyForDeploymentPostprocessing = 0;
		};
		FEB556BF1C3DFAE800FCFA43 /* Frameworks */ = {
			isa = PBXFrameworksBuildPhase;
			buildActionMask = 2147483647;
			files = (
			);
			runOnlyForDeploymentPostprocessing = 0;
		};
/* End PBXFrameworksBuildPhase section */

/* Begin PBXGroup section */
		18F5C1BEB6DC7A6378315C04 /* Pods */ = {
			isa = PBXGroup;
			children = (
				93B68390B596E890BA5D36EE /* Pods.debug.xcconfig */,
				2C91D11BEE4867F0A5F9B4A1 /* Pods.release.xcconfig */,
			);
			name = Pods;
			sourceTree = "<group>";
		};
		22B6E31BD50EE7AE9B5714AB /* Frameworks */ = {
			isa = PBXGroup;
			children = (
				5E405EC0E646F0C95638BDD0 /* libPods.a */,
			);
			name = Frameworks;
			sourceTree = "<group>";
		};
		FEB556951C3DFAE800FCFA43 = {
			isa = PBXGroup;
			children = (
				FEB556A01C3DFAE800FCFA43 /* CXYAudioPlayer */,
				FEB556BA1C3DFAE800FCFA43 /* CXYAudioPlayerTests */,
				FEB556C51C3DFAE800FCFA43 /* CXYAudioPlayerUITests */,
				FEB5569F1C3DFAE800FCFA43 /* Products */,
				18F5C1BEB6DC7A6378315C04 /* Pods */,
				22B6E31BD50EE7AE9B5714AB /* Frameworks */,
			);
			sourceTree = "<group>";
		};
		FEB5569F1C3DFAE800FCFA43 /* Products */ = {
			isa = PBXGroup;
			children = (
				FEB5569E1C3DFAE800FCFA43 /* CXYAudioPlayer.app */,
				FEB556B71C3DFAE800FCFA43 /* CXYAudioPlayerTests.xctest */,
				FEB556C21C3DFAE800FCFA43 /* CXYAudioPlayerUITests.xctest */,
			);
			name = Products;
			sourceTree = "<group>";
		};
		FEB556A01C3DFAE800FCFA43 /* CXYAudioPlayer */ = {
			isa = PBXGroup;
			children = (
				FEB556DA1C3E233900FCFA43 /* Controller */,
				FEB556D91C3E233200FCFA43 /* View */,
				FEB556D81C3E232B00FCFA43 /* Model */,
				FEB556A41C3DFAE800FCFA43 /* AppDelegate.h */,
				FEB556A51C3DFAE800FCFA43 /* AppDelegate.m */,
				FEB556AD1C3DFAE800FCFA43 /* Assets.xcassets */,
				FEB556B21C3DFAE800FCFA43 /* Info.plist */,
				FEB556A11C3DFAE800FCFA43 /* Supporting Files */,
			);
			path = CXYAudioPlayer;
			sourceTree = "<group>";
		};
		FEB556A11C3DFAE800FCFA43 /* Supporting Files */ = {
			isa = PBXGroup;
			children = (
				FEB556A21C3DFAE800FCFA43 /* main.m */,
			);
			name = "Supporting Files";
			sourceTree = "<group>";
		};
		FEB556BA1C3DFAE800FCFA43 /* CXYAudioPlayerTests */ = {
			isa = PBXGroup;
			children = (
				FEB556BB1C3DFAE800FCFA43 /* CXYAudioPlayerTests.m */,
				FEB556BD1C3DFAE800FCFA43 /* Info.plist */,
			);
			path = CXYAudioPlayerTests;
			sourceTree = "<group>";
		};
		FEB556C51C3DFAE800FCFA43 /* CXYAudioPlayerUITests */ = {
			isa = PBXGroup;
			children = (
				FEB556C61C3DFAE800FCFA43 /* CXYAudioPlayerUITests.m */,
				FEB556C81C3DFAE800FCFA43 /* Info.plist */,
			);
			path = CXYAudioPlayerUITests;
			sourceTree = "<group>";
		};
		FEB556D81C3E232B00FCFA43 /* Model */ = {
			isa = PBXGroup;
			children = (
			);
			path = Model;
			sourceTree = "<group>";
		};
		FEB556D91C3E233200FCFA43 /* View */ = {
			isa = PBXGroup;
			children = (
			);
			path = View;
			sourceTree = "<group>";
		};
		FEB556DA1C3E233900FCFA43 /* Controller */ = {
			isa = PBXGroup;
			children = (
			);
			path = Controller;
			sourceTree = "<group>";
		};
/* End PBXGroup section */

/* Begin PBXNativeTarget section */
		FEB5569D1C3DFAE800FCFA43 /* CXYAudioPlayer */ = {
			isa = PBXNativeTarget;
			buildConfigurationList = FEB556CB1C3DFAE800FCFA43 /* Build configuration list for PBXNativeTarget "CXYAudioPlayer" */;
			buildPhases = (
				D38E4558EB4DCC6444258119 /* Check Pods Manifest.lock */,
				FEB5569A1C3DFAE800FCFA43 /* Sources */,
				FEB5569B1C3DFAE800FCFA43 /* Frameworks */,
				FEB5569C1C3DFAE800FCFA43 /* Resources */,
				F60A7DB1DF7765C06C9D04C8 /* Copy Pods Resources */,
			);
			buildRules = (
			);
			dependencies = (
			);
			name = CXYAudioPlayer;
			productName = CXYAudioPlayer;
			productReference = FEB5569E1C3DFAE800FCFA43 /* CXYAudioPlayer.app */;
			productType = "com.apple.product-type.application";
		};
		FEB556B61C3DFAE800FCFA43 /* CXYAudioPlayerTests */ = {
			isa = PBXNativeTarget;
			buildConfigurationList = FEB556CE1C3DFAE800FCFA43 /* Build configuration list for PBXNativeTarget "CXYAudioPlayerTests" */;
			buildPhases = (
				FEB556B31C3DFAE800FCFA43 /* Sources */,
				FEB556B41C3DFAE800FCFA43 /* Frameworks */,
				FEB556B51C3DFAE800FCFA43 /* Resources */,
			);
			buildRules = (
			);
			dependencies = (
				FEB556B91C3DFAE800FCFA43 /* PBXTargetDependency */,
			);
			name = CXYAudioPlayerTests;
			productName = CXYAudioPlayerTests;
			productReference = FEB556B71C3DFAE800FCFA43 /* CXYAudioPlayerTests.xctest */;
			productType = "com.apple.product-type.bundle.unit-test";
		};
		FEB556C11C3DFAE800FCFA43 /* CXYAudioPlayerUITests */ = {
			isa = PBXNativeTarget;
			buildConfigurationList = FEB556D11C3DFAE800FCFA43 /* Build configuration list for PBXNativeTarget "CXYAudioPlayerUITests" */;
			buildPhases = (
				FEB556BE1C3DFAE800FCFA43 /* Sources */,
				FEB556BF1C3DFAE800FCFA43 /* Frameworks */,
				FEB556C01C3DFAE800FCFA43 /* Resources */,
			);
			buildRules = (
			);
			dependencies = (
				FEB556C41C3DFAE800FCFA43 /* PBXTargetDependency */,
			);
			name = CXYAudioPlayerUITests;
			productName = CXYAudioPlayerUITests;
			productReference = FEB556C21C3DFAE800FCFA43 /* CXYAudioPlayerUITests.xctest */;
			productType = "com.apple.product-type.bundle.ui-testing";
		};
/* End PBXNativeTarget section */

/* Begin PBXProject section */
		FEB556961C3DFAE800FCFA43 /* Project object */ = {
			isa = PBXProject;
			attributes = {
				LastUpgradeCheck = 0710;
				ORGANIZATIONNAME = JC_CP3;
				TargetAttributes = {
					FEB5569D1C3DFAE800FCFA43 = {
						CreatedOnToolsVersion = 7.1;
					};
					FEB556B61C3DFAE800FCFA43 = {
						CreatedOnToolsVersion = 7.1;
						TestTargetID = FEB5569D1C3DFAE800FCFA43;
					};
					FEB556C11C3DFAE800FCFA43 = {
						CreatedOnToolsVersion = 7.1;
						TestTargetID = FEB5569D1C3DFAE800FCFA43;
					};
				};
			};
			buildConfigurationList = FEB556991C3DFAE800FCFA43 /* Build configuration list for PBXProject "CXYAudioPlayer" */;
			compatibilityVersion = "Xcode 3.2";
			developmentRegion = English;
			hasScannedForEncodings = 0;
			knownRegions = (
				en,
				Base,
			);
			mainGroup = FEB556951C3DFAE800FCFA43;
			productRefGroup = FEB5569F1C3DFAE800FCFA43 /* Products */;
			projectDirPath = "";
			projectRoot = "";
			targets = (
				FEB5569D1C3DFAE800FCFA43 /* CXYAudioPlayer */,
				FEB556B61C3DFAE800FCFA43 /* CXYAudioPlayerTests */,
				FEB556C11C3DFAE800FCFA43 /* CXYAudioPlayerUITests */,
			);
		};
/* End PBXProject section */

/* Begin PBXResourcesBuildPhase section */
		FEB5569C1C3DFAE800FCFA43 /* Resources */ = {
			isa = PBXResourcesBuildPhase;
			buildActionMask = 2147483647;
			files = (
				FEB556AE1C3DFAE800FCFA43 /* Assets.xcassets in Resources */,
			);
			runOnlyForDeploymentPostprocessing = 0;
		};
		FEB556B51C3DFAE800FCFA43 /* Resources */ = {
			isa = PBXResourcesBuildPhase;
			buildActionMask = 2147483647;
			files = (
			);
			runOnlyForDeploymentPostprocessing = 0;
		};
		FEB556C01C3DFAE800FCFA43 /* Resources */ = {
			isa = PBXResourcesBuildPhase;
			buildActionMask = 2147483647;
			files = (
			);
			runOnlyForDeploymentPostprocessing = 0;
		};
/* End PBXResourcesBuildPhase section */

/* Begin PBXShellScriptBuildPhase section */
		D38E4558EB4DCC6444258119 /* Check Pods Manifest.lock */ = {
			isa = PBXShellScriptBuildPhase;
			buildActionMask = 2147483647;
			files = (
			);
			inputPaths = (
			);
			name = "Check Pods Manifest.lock";
			outputPaths = (
			);
			runOnlyForDeploymentPostprocessing = 0;
			shellPath = /bin/sh;
			shellScript = "diff \"${PODS_ROOT}/../Podfile.lock\" \"${PODS_ROOT}/Manifest.lock\" > /dev/null\nif [[ $? != 0 ]] ; then\n    cat << EOM\nerror: The sandbox is not in sync with the Podfile.lock. Run 'pod install' or update your CocoaPods installation.\nEOM\n    exit 1\nfi\n";
			showEnvVarsInLog = 0;
		};
		F60A7DB1DF7765C06C9D04C8 /* Copy Pods Resources */ = {
			isa = PBXShellScriptBuildPhase;
			buildActionMask = 2147483647;
			files = (
			);
			inputPaths = (
			);
			name = "Copy Pods Resources";
			outputPaths = (
			);
			runOnlyForDeploymentPostprocessing = 0;
			shellPath = /bin/sh;
			shellScript = "\"${SRCROOT}/Pods/Target Support Files/Pods/Pods-resources.sh\"\n";
			showEnvVarsInLog = 0;
		};
/* End PBXShellScriptBuildPhase section */

/* Begin PBXSourcesBuildPhase section */
		FEB5569A1C3DFAE800FCFA43 /* Sources */ = {
			isa = PBXSourcesBuildPhase;
			buildActionMask = 2147483647;
			files = (
				FEB556A61C3DFAE800FCFA43 /* AppDelegate.m in Sources */,
				FEB556A31C3DFAE800FCFA43 /* main.m in Sources */,
			);
			runOnlyForDeploymentPostprocessing = 0;
		};
		FEB556B31C3DFAE800FCFA43 /* Sources */ = {
			isa = PBXSourcesBuildPhase;
			buildActionMask = 2147483647;
			files = (
				FEB556BC1C3DFAE800FCFA43 /* CXYAudioPlayerTests.m in Sources */,
			);
			runOnlyForDeploymentPostprocessing = 0;
		};
		FEB556BE1C3DFAE800FCFA43 /* Sources */ = {
			isa = PBXSourcesBuildPhase;
			buildActionMask = 2147483647;
			files = (
				FEB556C71C3DFAE800FCFA43 /* CXYAudioPlayerUITests.m in Sources */,
			);
			runOnlyForDeploymentPostprocessing = 0;
		};
/* End PBXSourcesBuildPhase section */

/* Begin PBXTargetDependency section */
		FEB556B91C3DFAE800FCFA43 /* PBXTargetDependency */ = {
			isa = PBXTargetDependency;
			target = FEB5569D1C3DFAE800FCFA43 /* CXYAudioPlayer */;
			targetProxy = FEB556B81C3DFAE800FCFA43 /* PBXContainerItemProxy */;
		};
		FEB556C41C3DFAE800FCFA43 /* PBXTargetDependency */ = {
			isa = PBXTargetDependency;
			target = FEB5569D1C3DFAE800FCFA43 /* CXYAudioPlayer */;
			targetProxy = FEB556C31C3DFAE800FCFA43 /* PBXContainerItemProxy */;
		};
/* End PBXTargetDependency section */

/* Begin XCBuildConfiguration section */
		FEB556C91C3DFAE800FCFA43 /* Debug */ = {
			isa = XCBuildConfiguration;
			buildSettings = {
				ALWAYS_SEARCH_USER_PATHS = NO;
				CLANG_CXX_LANGUAGE_STANDARD = "gnu++0x";
				CLANG_CXX_LIBRARY = "libc++";
				CLANG_ENABLE_MODULES = YES;
				CLANG_ENABLE_OBJC_ARC = YES;
				CLANG_WARN_BOOL_CONVERSION = YES;
				CLANG_WARN_CONSTANT_CONVERSION = YES;
				CLANG_WARN_DIRECT_OBJC_ISA_USAGE = YES_ERROR;
				CLANG_WARN_EMPTY_BODY = YES;
				CLANG_WARN_ENUM_CONVERSION = YES;
				CLANG_WARN_INT_CONVERSION = YES;
				CLANG_WARN_OBJC_ROOT_CLASS = YES_ERROR;
				CLANG_WARN_UNREACHABLE_CODE = YES;
				CLANG_WARN__DUPLICATE_METHOD_MATCH = YES;
				"CODE_SIGN_IDENTITY[sdk=iphoneos*]" = "iPhone Developer";
				COPY_PHASE_STRIP = NO;
				DEBUG_INFORMATION_FORMAT = dwarf;
				ENABLE_STRICT_OBJC_MSGSEND = YES;
				ENABLE_TESTABILITY = YES;
				GCC_C_LANGUAGE_STANDARD = gnu99;
				GCC_DYNAMIC_NO_PIC = NO;
				GCC_NO_COMMON_BLOCKS = YES;
				GCC_OPTIMIZATION_LEVEL = 0;
				GCC_PREPROCESSOR_DEFINITIONS = (
					"DEBUG=1",
					"$(inherited)",
				);
				GCC_WARN_64_TO_32_BIT_CONVERSION = YES;
				GCC_WARN_ABOUT_RETURN_TYPE = YES_ERROR;
				GCC_WARN_UNDECLARED_SELECTOR = YES;
				GCC_WARN_UNINITIALIZED_AUTOS = YES_AGGRESSIVE;
				GCC_WARN_UNUSED_FUNCTION = YES;
				GCC_WARN_UNUSED_VARIABLE = YES;
				IPHONEOS_DEPLOYMENT_TARGET = 9.1;
				MTL_ENABLE_DEBUG_INFO = YES;
				ONLY_ACTIVE_ARCH = YES;
				SDKROOT = iphoneos;
			};
			name = Debug;
		};
		FEB556CA1C3DFAE800FCFA43 /* Release */ = {
			isa = XCBuildConfiguration;
			buildSettings = {
				ALWAYS_SEARCH_USER_PATHS = NO;
				CLANG_CXX_LANGUAGE_STANDARD = "gnu++0x";
				CLANG_CXX_LIBRARY = "libc++";
				CLANG_ENABLE_MODULES = YES;
				CLANG_ENABLE_OBJC_ARC = YES;
				CLANG_WARN_BOOL_CONVERSION = YES;
				CLANG_WARN_CONSTANT_CONVERSION = YES;
				CLANG_WARN_DIRECT_OBJC_ISA_USAGE = YES_ERROR;
				CLANG_WARN_EMPTY_BODY = YES;
				CLANG_WARN_ENUM_CONVERSION = YES;
				CLANG_WARN_INT_CONVERSION = YES;
				CLANG_WARN_OBJC_ROOT_CLASS = YES_ERROR;
				CLANG_WARN_UNREACHABLE_CODE = YES;
				CLANG_WARN__DUPLICATE_METHOD_MATCH = YES;
				"CODE_SIGN_IDENTITY[sdk=iphoneos*]" = "iPhone Developer";
				COPY_PHASE_STRIP = NO;
				DEBUG_INFORMATION_FORMAT = "dwarf-with-dsym";
				ENABLE_NS_ASSERTIONS = NO;
				ENABLE_STRICT_OBJC_MSGSEND = YES;
				GCC_C_LANGUAGE_STANDARD = gnu99;
				GCC_NO_COMMON_BLOCKS = YES;
				GCC_WARN_64_TO_32_BIT_CONVERSION = YES;
				GCC_WARN_ABOUT_RETURN_TYPE = YES_ERROR;
				GCC_WARN_UNDECLARED_SELECTOR = YES;
				GCC_WARN_UNINITIALIZED_AUTOS = YES_AGGRESSIVE;
				GCC_WARN_UNUSED_FUNCTION = YES;
				GCC_WARN_UNUSED_VARIABLE = YES;
				IPHONEOS_DEPLOYMENT_TARGET = 9.1;
				MTL_ENABLE_DEBUG_INFO = NO;
				SDKROOT = iphoneos;
				VALIDATE_PRODUCT = YES;
			};
			name = Release;
		};
		FEB556CC1C3DFAE800FCFA43 /* Debug */ = {
			isa = XCBuildConfiguration;
			baseConfigurationReference = 93B68390B596E890BA5D36EE /* Pods.debug.xcconfig */;
			buildSettings = {
				ASSETCATALOG_COMPILER_APPICON_NAME = AppIcon;
				INFOPLIST_FILE = CXYAudioPlayer/Info.plist;
				LD_RUNPATH_SEARCH_PATHS = "$(inherited) @executable_path/Frameworks";
				PRODUCT_BUNDLE_IDENTIFIER = com.cxy.audioPlaye;
				PRODUCT_NAME = "$(TARGET_NAME)";
			};
			name = Debug;
		};
		FEB556CD1C3DFAE800FCFA43 /* Release */ = {
			isa = XCBuildConfiguration;
			baseConfigurationReference = 2C91D11BEE4867F0A5F9B4A1 /* Pods.release.xcconfig */;
			buildSettings = {
				ASSETCATALOG_COMPILER_APPICON_NAME = AppIcon;
				INFOPLIST_FILE = CXYAudioPlayer/Info.plist;
				LD_RUNPATH_SEARCH_PATHS = "$(inherited) @executable_path/Frameworks";
				PRODUCT_BUNDLE_IDENTIFIER = com.cxy.audioPlaye;
				PRODUCT_NAME = "$(TARGET_NAME)";
			};
			name = Release;
		};
		FEB556CF1C3DFAE800FCFA43 /* Debug */ = {
			isa = XCBuildConfiguration;
			buildSettings = {
				BUNDLE_LOADER = "$(TEST_HOST)";
				INFOPLIST_FILE = CXYAudioPlayerTests/Info.plist;
				LD_RUNPATH_SEARCH_PATHS = "$(inherited) @executable_path/Frameworks @loader_path/Frameworks";
				PRODUCT_BUNDLE_IDENTIFIER = com.cxy.audioPlayer.CXYAudioPlayerTests;
				PRODUCT_NAME = "$(TARGET_NAME)";
				TEST_HOST = "$(BUILT_PRODUCTS_DIR)/CXYAudioPlayer.app/CXYAudioPlayer";
			};
			name = Debug;
		};
		FEB556D01C3DFAE800FCFA43 /* Release */ = {
			isa = XCBuildConfiguration;
			buildSettings = {
				BUNDLE_LOADER = "$(TEST_HOST)";
				INFOPLIST_FILE = CXYAudioPlayerTests/Info.plist;
				LD_RUNPATH_SEARCH_PATHS = "$(inherited) @executable_path/Frameworks @loader_path/Frameworks";
				PRODUCT_BUNDLE_IDENTIFIER = com.cxy.audioPlayer.CXYAudioPlayerTests;
				PRODUCT_NAME = "$(TARGET_NAME)";
				TEST_HOST = "$(BUILT_PRODUCTS_DIR)/CXYAudioPlayer.app/CXYAudioPlayer";
			};
			name = Release;
		};
		FEB556D21C3DFAE800FCFA43 /* Debug */ = {
			isa = XCBuildConfiguration;
			buildSettings = {
				INFOPLIST_FILE = CXYAudioPlayerUITests/Info.plist;
				LD_RUNPATH_SEARCH_PATHS = "$(inherited) @executable_path/Frameworks @loader_path/Frameworks";
				PRODUCT_BUNDLE_IDENTIFIER = com.cxy.audioPlayer.CXYAudioPlayerUITests;
				PRODUCT_NAME = "$(TARGET_NAME)";
				TEST_TARGET_NAME = CXYAudioPlayer;
				USES_XCTRUNNER = YES;
			};
			name = Debug;
		};
		FEB556D31C3DFAE800FCFA43 /* Release */ = {
			isa = XCBuildConfiguration;
			buildSettings = {
				INFOPLIST_FILE = CXYAudioPlayerUITests/Info.plist;
				LD_RUNPATH_SEARCH_PATHS = "$(inherited) @executable_path/Frameworks @loader_path/Frameworks";
				PRODUCT_BUNDLE_IDENTIFIER = com.cxy.audioPlayer.CXYAudioPlayerUITests;
				PRODUCT_NAME = "$(TARGET_NAME)";
				TEST_TARGET_NAME = CXYAudioPlayer;
				USES_XCTRUNNER = YES;
			};
			name = Release;
		};
/* End XCBuildConfiguration section */

/* Begin XCConfigurationList section */
		FEB556991C3DFAE800FCFA43 /* Build configuration list for PBXProject "CXYAudioPlayer" */ = {
			isa = XCConfigurationList;
			buildConfigurations = (
				FEB556C91C3DFAE800FCFA43 /* Debug */,
				FEB556CA1C3DFAE800FCFA43 /* Release */,
			);
			defaultConfigurationIsVisible = 0;
			defaultConfigurationName = Release;
		};
		FEB556CB1C3DFAE800FCFA43 /* Build configuration list for PBXNativeTarget "CXYAudioPlayer" */ = {
			isa = XCConfigurationList;
			buildConfigurations = (
				FEB556CC1C3DFAE800FCFA43 /* Debug */,
				FEB556CD1C3DFAE800FCFA43 /* Release */,
			);
			defaultConfigurationIsVisible = 0;
			defaultConfigurationName = Release;
		};
		FEB556CE1C3DFAE800FCFA43 /* Build configuration list for PBXNativeTarget "CXYAudioPlayerTests" */ = {
			isa = XCConfigurationList;
			buildConfigurations = (
				FEB556CF1C3DFAE800FCFA43 /* Debug */,
				FEB556D01C3DFAE800FCFA43 /* Release */,
			);
			defaultConfigurationIsVisible = 0;
			defaultConfigurationName = Release;
		};
		FEB556D11C3DFAE800FCFA43 /* Build configuration list for PBXNativeTarget "CXYAudioPlayerUITests" */ = {
			isa = XCConfigurationList;
			buildConfigurations = (
				FEB556D21C3DFAE800FCFA43 /* Debug */,
				FEB556D31C3DFAE800FCFA43 /* Release */,
			);
			defaultConfigurationIsVisible = 0;
			defaultConfigurationName = Release;
		};
/* End XCConfigurationList section */
	};
	rootObject = FEB556961C3DFAE800FCFA43 /* Project object */;
}
